
Microsoft Visual Studio Solution File, Format Version 12.00
# Visual Studio 15
VisualStudioVersion = 15.0.28010.2036
MinimumVisualStudioVersion = 10.0.40219.1
Project("{9A19103F-16F7-4668-BE54-9A1E7A4F7556}") = "PictureDirect", "PictureDirect\PictureDirect\PictureDirect.csproj", "{1AF5451E-A94B-4F10-998F-5D94E99CAEAB}"
EndProject
Project("{FAE04EC0-301F-11D3-BF4B-00C04F79EFBC}") = "PictureDirect.Android", "PictureDirect\PictureDirect.Android\PictureDirect.Android.csproj", "{24CE3C36-16B9-426D-AA0C-5961ECF8D88C}"
EndProject
Project("{FAE04EC0-301F-11D3-BF4B-00C04F79EFBC}") = "PictureDirect.iOS", "PictureDirect\PictureDirect.iOS\PictureDirect.iOS.csproj", "{4AD43BC1-2E9C-4E39-AB00-B215F24AD83B}"
EndProject
Project("{9A19103F-16F7-4668-BE54-9A1E7A4F7556}") = "PictureDirect.MobileAppService", "PictureDirect\PictureDirect.MobileAppService\PictureDirect.MobileAppService.csproj", "{04E5AF7C-F028-4978-B508-4621891685EF}"
EndProject
Project("{FAE04EC0-301F-11D3-BF4B-00C04F79EFBC}") = "PictureDirect.UWP", "PictureDirect\PictureDirect.UWP\PictureDirect.UWP.csproj", "{A4062378-8B08-49BF-B290-0B2EAFBECD42}"
EndProject
Project("{FAE04EC0-301F-11D3-BF4B-00C04F79EFBC}") = "PictureDirect.WCF", "PictureDirect\PictureDirect.WCF\PictureDirect.WCF.csproj", "{867239D0-D9E5-4B45-9BF0-D9E41812CE6E}"
EndProject
Global
	GlobalSection(SolutionConfigurationPlatforms) = preSolution
		Debug|Any CPU = Debug|Any CPU
		Debug|ARM = Debug|ARM
		Debug|iPhone = Debug|iPhone
		Debug|iPhoneSimulator = Debug|iPhoneSimulator
		Debug|x64 = Debug|x64
		Debug|x86 = Debug|x86
		Release|Any CPU = Release|Any CPU
		Release|ARM = Release|ARM
		Release|iPhone = Release|iPhone
		Release|iPhoneSimulator = Release|iPhoneSimulator
		Release|x64 = Release|x64
		Release|x86 = Release|x86
	EndGlobalSection
	GlobalSection(ProjectConfigurationPlatforms) = postSolution
		{1AF5451E-A94B-4F10-998F-5D94E99CAEAB}.Debug|Any CPU.ActiveCfg = Debug|Any CPU
		{1AF5451E-A94B-4F10-998F-5D94E99CAEAB}.Debug|Any CPU.Build.0 = Debug|Any CPU
		{1AF5451E-A94B-4F10-998F-5D94E99CAEAB}.Debug|ARM.ActiveCfg = Debug|Any CPU
		{1AF5451E-A94B-4F10-998F-5D94E99CAEAB}.Debug|ARM.Build.0 = Debug|Any CPU
		{1AF5451E-A94B-4F10-998F-5D94E99CAEAB}.Debug|iPhone.ActiveCfg = Debug|Any CPU
		{1AF5451E-A94B-4F10-998F-5D94E99CAEAB}.Debug|iPhone.Build.0 = Debug|Any CPU
		{1AF5451E-A94B-4F10-998F-5D94E99CAEAB}.Debug|iPhoneSimulator.ActiveCfg = Debug|Any CPU
		{1AF5451E-A94B-4F10-998F-5D94E99CAEAB}.Debug|iPhoneSimulator.Build.0 = Debug|Any CPU
		{1AF5451E-A94B-4F10-998F-5D94E99CAEAB}.Debug|x64.ActiveCfg = Debug|Any CPU
		{1AF5451E-A94B-4F10-998F-5D94E99CAEAB}.Debug|x64.Build.0 = Debug|Any CPU
		{1AF5451E-A94B-4F10-998F-5D94E99CAEAB}.Debug|x86.ActiveCfg = Debug|Any CPU
		{1AF5451E-A94B-4F10-998F-5D94E99CAEAB}.Debug|x86.Build.0 = Debug|Any CPU
		{1AF5451E-A94B-4F10-998F-5D94E99CAEAB}.Release|Any CPU.ActiveCfg = Release|Any CPU
		{1AF5451E-A94B-4F10-998F-5D94E99CAEAB}.Release|Any CPU.Build.0 = Release|Any CPU
		{1AF5451E-A94B-4F10-998F-5D94E99CAEAB}.Release|ARM.ActiveCfg = Release|Any CPU
		{1AF5451E-A94B-4F10-998F-5D94E99CAEAB}.Release|ARM.Build.0 = Release|Any CPU
		{1AF5451E-A94B-4F10-998F-5D94E99CAEAB}.Release|iPhone.ActiveCfg = Release|Any CPU
		{1AF5451E-A94B-4F10-998F-5D94E99CAEAB}.Release|iPhone.Build.0 = Release|Any CPU
		{1AF5451E-A94B-4F10-998F-5D94E99CAEAB}.Release|iPhoneSimulator.ActiveCfg = Release|Any CPU
		{1AF5451E-A94B-4F10-998F-5D94E99CAEAB}.Release|iPhoneSimulator.Build.0 = Release|Any CPU
		{1AF5451E-A94B-4F10-998F-5D94E99CAEAB}.Release|x64.ActiveCfg = Release|Any CPU
		{1AF5451E-A94B-4F10-998F-5D94E99CAEAB}.Release|x64.Build.0 = Release|Any CPU
		{1AF5451E-A94B-4F10-998F-5D94E99CAEAB}.Release|x86.ActiveCfg = Release|Any CPU
		{1AF5451E-A94B-4F10-998F-5D94E99CAEAB}.Release|x86.Build.0 = Release|Any CPU
		{24CE3C36-16B9-426D-AA0C-5961ECF8D88C}.Debug|Any CPU.ActiveCfg = Debug|Any CPU
		{24CE3C36-16B9-426D-AA0C-5961ECF8D88C}.Debug|Any CPU.Build.0 = Debug|Any CPU
		{24CE3C36-16B9-426D-AA0C-5961ECF8D88C}.Debug|Any CPU.Deploy.0 = Debug|Any CPU
		{24CE3C36-16B9-426D-AA0C-5961ECF8D88C}.Debug|ARM.ActiveCfg = Debug|Any CPU
		{24CE3C36-16B9-426D-AA0C-5961ECF8D88C}.Debug|ARM.Build.0 = Debug|Any CPU
		{24CE3C36-16B9-426D-AA0C-5961ECF8D88C}.Debug|ARM.Deploy.0 = Debug|Any CPU
		{24CE3C36-16B9-426D-AA0C-5961ECF8D88C}.Debug|iPhone.ActiveCfg = Debug|Any CPU
		{24CE3C36-16B9-426D-AA0C-5961ECF8D88C}.Debug|iPhone.Build.0 = Debug|Any CPU
		{24CE3C36-16B9-426D-AA0C-5961ECF8D88C}.Debug|iPhone.Deploy.0 = Debug|Any CPU
		{24CE3C36-16B9-426D-AA0C-5961ECF8D88C}.Debug|iPhoneSimulator.ActiveCfg = Debug|Any CPU
		{24CE3C36-16B9-426D-AA0C-5961ECF8D88C}.Debug|iPhoneSimulator.Build.0 = Debug|Any CPU
		{24CE3C36-16B9-426D-AA0C-5961ECF8D88C}.Debug|iPhoneSimulator.Deploy.0 = Debug|Any CPU
		{24CE3C36-16B9-426D-AA0C-5961ECF8D88C}.Debug|x64.ActiveCfg = Debug|Any CPU
		{24CE3C36-16B9-426D-AA0C-5961ECF8D88C}.Debug|x64.Build.0 = Debug|Any CPU
		{24CE3C36-16B9-426D-AA0C-5961ECF8D88C}.Debug|x64.Deploy.0 = Debug|Any CPU
		{24CE3C36-16B9-426D-AA0C-5961ECF8D88C}.Debug|x86.ActiveCfg = Debug|Any CPU
		{24CE3C36-16B9-426D-AA0C-5961ECF8D88C}.Debug|x86.Build.0 = Debug|Any CPU
		{24CE3C36-16B9-426D-AA0C-5961ECF8D88C}.Debug|x86.Deploy.0 = Debug|Any CPU
		{24CE3C36-16B9-426D-AA0C-5961ECF8D88C}.Release|Any CPU.ActiveCfg = Release|Any CPU
		{24CE3C36-16B9-426D-AA0C-5961ECF8D88C}.Release|Any CPU.Build.0 = Release|Any CPU
		{24CE3C36-16B9-426D-AA0C-5961ECF8D88C}.Release|Any CPU.Deploy.0 = Release|Any CPU
		{24CE3C36-16B9-426D-AA0C-5961ECF8D88C}.Release|ARM.ActiveCfg = Release|Any CPU
		{24CE3C36-16B9-426D-AA0C-5961ECF8D88C}.Release|ARM.Build.0 = Release|Any CPU
		{24CE3C36-16B9-426D-AA0C-5961ECF8D88C}.Release|ARM.Deploy.0 = Release|Any CPU
		{24CE3C36-16B9-426D-AA0C-5961ECF8D88C}.Release|iPhone.ActiveCfg = Release|Any CPU
		{24CE3C36-16B9-426D-AA0C-5961ECF8D88C}.Release|iPhone.Build.0 = Release|Any CPU
		{24CE3C36-16B9-426D-AA0C-5961ECF8D88C}.Release|iPhone.Deploy.0 = Release|Any CPU
		{24CE3C36-16B9-426D-AA0C-5961ECF8D88C}.Release|iPhoneSimulator.ActiveCfg = Release|Any CPU
		{24CE3C36-16B9-426D-AA0C-5961ECF8D88C}.Release|iPhoneSimulator.Build.0 = Release|Any CPU
		{24CE3C36-16B9-426D-AA0C-5961ECF8D88C}.Release|iPhoneSimulator.Deploy.0 = Release|Any CPU
		{24CE3C36-16B9-426D-AA0C-5961ECF8D88C}.Release|x64.ActiveCfg = Release|Any CPU
		{24CE3C36-16B9-426D-AA0C-5961ECF8D88C}.Release|x64.Build.0 = Release|Any CPU
		{24CE3C36-16B9-426D-AA0C-5961ECF8D88C}.Release|x64.Deploy.0 = Release|Any CPU
		{24CE3C36-16B9-426D-AA0C-5961ECF8D88C}.Release|x86.ActiveCfg = Release|Any CPU
		{24CE3C36-16B9-426D-AA0C-5961ECF8D88C}.Release|x86.Build.0 = Release|Any CPU
		{24CE3C36-16B9-426D-AA0C-5961ECF8D88C}.Release|x86.Deploy.0 = Release|Any CPU
		{4AD43BC1-2E9C-4E39-AB00-B215F24AD83B}.Debug|Any CPU.ActiveCfg = Debug|iPhone
		{4AD43BC1-2E9C-4E39-AB00-B215F24AD83B}.Debug|ARM.ActiveCfg = Debug|iPhone
		{4AD43BC1-2E9C-4E39-AB00-B215F24AD83B}.Debug|iPhone.ActiveCfg = Debug|iPhone
		{4AD43BC1-2E9C-4E39-AB00-B215F24AD83B}.Debug|iPhone.Build.0 = Debug|iPhone
		{4AD43BC1-2E9C-4E39-AB00-B215F24AD83B}.Debug|iPhoneSimulator.ActiveCfg = Debug|iPhoneSimulator
		{4AD43BC1-2E9C-4E39-AB00-B215F24AD83B}.Debug|iPhoneSimulator.Build.0 = Debug|iPhoneSimulator
		{4AD43BC1-2E9C-4E39-AB00-B215F24AD83B}.Debug|x64.ActiveCfg = Debug|iPhone
		{4AD43BC1-2E9C-4E39-AB00-B215F24AD83B}.Debug|x86.ActiveCfg = Debug|iPhone
		{4AD43BC1-2E9C-4E39-AB00-B215F24AD83B}.Release|Any CPU.ActiveCfg = Release|iPhone
		{4AD43BC1-2E9C-4E39-AB00-B215F24AD83B}.Release|ARM.ActiveCfg = Release|iPhone
		{4AD43BC1-2E9C-4E39-AB00-B215F24AD83B}.Release|iPhone.ActiveCfg = Release|iPhone
		{4AD43BC1-2E9C-4E39-AB00-B215F24AD83B}.Release|iPhone.Build.0 = Release|iPhone
		{4AD43BC1-2E9C-4E39-AB00-B215F24AD83B}.Release|iPhoneSimulator.ActiveCfg = Release|iPhoneSimulator
		{4AD43BC1-2E9C-4E39-AB00-B215F24AD83B}.Release|iPhoneSimulator.Build.0 = Release|iPhoneSimulator
		{4AD43BC1-2E9C-4E39-AB00-B215F24AD83B}.Release|x64.ActiveCfg = Release|iPhone
		{4AD43BC1-2E9C-4E39-AB00-B215F24AD83B}.Release|x86.ActiveCfg = Release|iPhone
		{04E5AF7C-F028-4978-B508-4621891685EF}.Debug|Any CPU.ActiveCfg = Debug|Any CPU
		{04E5AF7C-F028-4978-B508-4621891685EF}.Debug|Any CPU.Build.0 = Debug|Any CPU
		{04E5AF7C-F028-4978-B508-4621891685EF}.Debug|ARM.ActiveCfg = Debug|Any CPU
		{04E5AF7C-F028-4978-B508-4621891685EF}.Debug|ARM.Build.0 = Debug|Any CPU
		{04E5AF7C-F028-4978-B508-4621891685EF}.Debug|iPhone.ActiveCfg = Debug|Any CPU
		{04E5AF7C-F028-4978-B508-4621891685EF}.Debug|iPhone.Build.0 = Debug|Any CPU
		{04E5AF7C-F028-4978-B508-4621891685EF}.Debug|iPhoneSimulator.ActiveCfg = Debug|Any CPU
		{04E5AF7C-F028-4978-B508-4621891685EF}.Debug|iPhoneSimulator.Build.0 = Debug|Any CPU
		{04E5AF7C-F028-4978-B508-4621891685EF}.Debug|x64.ActiveCfg = Debug|Any CPU
		{04E5AF7C-F028-4978-B508-4621891685EF}.Debug|x64.Build.0 = Debug|Any CPU
		{04E5AF7C-F028-4978-B508-4621891685EF}.Debug|x86.ActiveCfg = Debug|Any CPU
		{04E5AF7C-F028-4978-B508-4621891685EF}.Debug|x86.Build.0 = Debug|Any CPU
		{04E5AF7C-F028-4978-B508-4621891685EF}.Release|Any CPU.ActiveCfg = Release|Any CPU
		{04E5AF7C-F028-4978-B508-4621891685EF}.Release|Any CPU.Build.0 = Release|Any CPU
		{04E5AF7C-F028-4978-B508-4621891685EF}.Release|ARM.ActiveCfg = Release|Any CPU
		{04E5AF7C-F028-4978-B508-4621891685EF}.Release|ARM.Build.0 = Release|Any CPU
		{04E5AF7C-F028-4978-B508-4621891685EF}.Release|iPhone.ActiveCfg = Release|Any CPU
		{04E5AF7C-F028-4978-B508-4621891685EF}.Release|iPhone.Build.0 = Release|Any CPU
		{04E5AF7C-F028-4978-B508-4621891685EF}.Release|iPhoneSimulator.ActiveCfg = Release|Any CPU
		{04E5AF7C-F028-4978-B508-4621891685EF}.Release|iPhoneSimulator.Build.0 = Release|Any CPU
		{04E5AF7C-F028-4978-B508-4621891685EF}.Release|x64.ActiveCfg = Release|Any CPU
		{04E5AF7C-F028-4978-B508-4621891685EF}.Release|x64.Build.0 = Release|Any CPU
		{04E5AF7C-F028-4978-B508-4621891685EF}.Release|x86.ActiveCfg = Release|Any CPU
		{04E5AF7C-F028-4978-B508-4621891685EF}.Release|x86.Build.0 = Release|Any CPU
		{A4062378-8B08-49BF-B290-0B2EAFBECD42}.Debug|Any CPU.ActiveCfg = Debug|x86
		{A4062378-8B08-49BF-B290-0B2EAFBECD42}.Debug|ARM.ActiveCfg = Debug|ARM
		{A4062378-8B08-49BF-B290-0B2EAFBECD42}.Debug|ARM.Build.0 = Debug|ARM
		{A4062378-8B08-49BF-B290-0B2EAFBECD42}.Debug|ARM.Deploy.0 = Debug|ARM
		{A4062378-8B08-49BF-B290-0B2EAFBECD42}.Debug|iPhone.ActiveCfg = Debug|x86
		{A4062378-8B08-49BF-B290-0B2EAFBECD42}.Debug|iPhoneSimulator.ActiveCfg = Debug|x86
		{A4062378-8B08-49BF-B290-0B2EAFBECD42}.Debug|x64.ActiveCfg = Debug|x64
		{A4062378-8B08-49BF-B290-0B2EAFBECD42}.Debug|x64.Build.0 = Debug|x64
		{A4062378-8B08-49BF-B290-0B2EAFBECD42}.Debug|x64.Deploy.0 = Debug|x64
		{A4062378-8B08-49BF-B290-0B2EAFBECD42}.Debug|x86.ActiveCfg = Debug|x86
		{A4062378-8B08-49BF-B290-0B2EAFBECD42}.Debug|x86.Build.0 = Debug|x86
		{A4062378-8B08-49BF-B290-0B2EAFBECD42}.Debug|x86.Deploy.0 = Debug|x86
		{A4062378-8B08-49BF-B290-0B2EAFBECD42}.Release|Any CPU.ActiveCfg = Release|x86
		{A4062378-8B08-49BF-B290-0B2EAFBECD42}.Release|ARM.ActiveCfg = Release|ARM
		{A4062378-8B08-49BF-B290-0B2EAFBECD42}.Release|ARM.Build.0 = Release|ARM
		{A4062378-8B08-49BF-B290-0B2EAFBECD42}.Release|ARM.Deploy.0 = Release|ARM
		{A4062378-8B08-49BF-B290-0B2EAFBECD42}.Release|iPhone.ActiveCfg = Release|x86
		{A4062378-8B08-49BF-B290-0B2EAFBECD42}.Release|iPhoneSimulator.ActiveCfg = Release|x86
		{A4062378-8B08-49BF-B290-0B2EAFBECD42}.Release|x64.ActiveCfg = Release|x64
		{A4062378-8B08-49BF-B290-0B2EAFBECD42}.Release|x64.Build.0 = Release|x64
		{A4062378-8B08-49BF-B290-0B2EAFBECD42}.Release|x64.Deploy.0 = Release|x64
		{A4062378-8B08-49BF-B290-0B2EAFBECD42}.Release|x86.ActiveCfg = Release|x86
		{A4062378-8B08-49BF-B290-0B2EAFBECD42}.Release|x86.Build.0 = Release|x86
		{A4062378-8B08-49BF-B290-0B2EAFBECD42}.Release|x86.Deploy.0 = Release|x86
		{867239D0-D9E5-4B45-9BF0-D9E41812CE6E}.Debug|Any CPU.ActiveCfg = Debug|Any CPU
		{867239D0-D9E5-4B45-9BF0-D9E41812CE6E}.Debug|Any CPU.Build.0 = Debug|Any CPU
		{867239D0-D9E5-4B45-9BF0-D9E41812CE6E}.Debug|ARM.ActiveCfg = Debug|Any CPU
		{867239D0-D9E5-4B45-9BF0-D9E41812CE6E}.Debug|ARM.Build.0 = Debug|Any CPU
		{867239D0-D9E5-4B45-9BF0-D9E41812CE6E}.Debug|iPhone.ActiveCfg = Debug|Any CPU
		{867239D0-D9E5-4B45-9BF0-D9E41812CE6E}.Debug|iPhone.Build.0 = Debug|Any CPU
		{867239D0-D9E5-4B45-9BF0-D9E41812CE6E}.Debug|iPhoneSimulator.ActiveCfg = Debug|Any CPU
		{867239D0-D9E5-4B45-9BF0-D9E41812CE6E}.Debug|iPhoneSimulator.Build.0 = Debug|Any CPU
		{867239D0-D9E5-4B45-9BF0-D9E41812CE6E}.Debug|x64.ActiveCfg = Debug|Any CPU
		{867239D0-D9E5-4B45-9BF0-D9E41812CE6E}.Debug|x64.Build.0 = Debug|Any CPU
		{867239D0-D9E5-4B45-9BF0-D9E41812CE6E}.Debug|x86.ActiveCfg = Debug|Any CPU
		{867239D0-D9E5-4B45-9BF0-D9E41812CE6E}.Debug|x86.Build.0 = Debug|Any CPU
		{867239D0-D9E5-4B45-9BF0-D9E41812CE6E}.Release|Any CPU.ActiveCfg = Release|Any CPU
		{867239D0-D9E5-4B45-9BF0-D9E41812CE6E}.Release|Any CPU.Build.0 = Release|Any CPU
		{867239D0-D9E5-4B45-9BF0-D9E41812CE6E}.Release|ARM.ActiveCfg = Release|Any CPU
		{867239D0-D9E5-4B45-9BF0-D9E41812CE6E}.Release|ARM.Build.0 = Release|Any CPU
		{867239D0-D9E5-4B45-9BF0-D9E41812CE6E}.Release|iPhone.ActiveCfg = Release|Any CPU
		{867239D0-D9E5-4B45-9BF0-D9E41812CE6E}.Release|iPhone.Build.0 = Release|Any CPU
		{867239D0-D9E5-4B45-9BF0-D9E41812CE6E}.Release|iPhoneSimulator.ActiveCfg = Release|Any CPU
		{867239D0-D9E5-4B45-9BF0-D9E41812CE6E}.Release|iPhoneSimulator.Build.0 = Release|Any CPU
		{867239D0-D9E5-4B45-9BF0-D9E41812CE6E}.Release|x64.ActiveCfg = Release|Any CPU
		{867239D0-D9E5-4B45-9BF0-D9E41812CE6E}.Release|x64.Build.0 = Release|Any CPU
		{867239D0-D9E5-4B45-9BF0-D9E41812CE6E}.Release|x86.ActiveCfg = Release|Any CPU
		{867239D0-D9E5-4B45-9BF0-D9E41812CE6E}.Release|x86.Build.0 = Release|Any CPU
	EndGlobalSection
	GlobalSection(SolutionProperties) = preSolution
		HideSolutionNode = FALSE
	EndGlobalSection
	GlobalSection(ExtensibilityGlobals) = postSolution
		SolutionGuid = {42E88F41-E7D3-458D-83F5-A077E0A73030}
	EndGlobalSection
	GlobalSection(TeamFoundationVersionControl) = preSolution
		SccNumberOfProjects = 7
		SccEnterpriseProvider = {4CA58AB2-18FA-4F8D-95D4-32DDF27D184C}
		SccTeamFoundationServer = http://baleine:8080/tfs/defaultcollection
		SccLocalPath0 = .
		SccProjectUniqueName1 = PictureDirect\\PictureDirect\\PictureDirect.csproj
		SccProjectName1 = PictureDirect/PictureDirect
		SccLocalPath1 = PictureDirect\\PictureDirect
		SccProjectUniqueName2 = PictureDirect\\PictureDirect.iOS\\PictureDirect.iOS.csproj
		SccProjectName2 = PictureDirect/PictureDirect.iOS
		SccLocalPath2 = PictureDirect\\PictureDirect.iOS
		SccProjectUniqueName3 = PictureDirect\\PictureDirect.MobileAppService\\PictureDirect.MobileAppService.csproj
		SccProjectName3 = PictureDirect/PictureDirect.MobileAppService
		SccLocalPath3 = PictureDirect\\PictureDirect.MobileAppService
		SccProjectUniqueName4 = PictureDirect\\PictureDirect.UWP\\PictureDirect.UWP.csproj
		SccProjectName4 = PictureDirect/PictureDirect.UWP
		SccLocalPath4 = PictureDirect\\PictureDirect.UWP
		SccProjectUniqueName5 = PictureDirect\\PictureDirect.Android\\PictureDirect.Android.csproj
		SccProjectName5 = PictureDirect/PictureDirect.Android
		SccLocalPath5 = PictureDirect\\PictureDirect.Android
		SccProjectUniqueName6 = PictureDirect\\PictureDirect.WCF\\PictureDirect.WCF.csproj
		SccProjectName6 = PictureDirect/PictureDirect.WCF
		SccLocalPath6 = PictureDirect\\PictureDirect.WCF
	EndGlobalSection
EndGlobal
